<?xml version="1.0" encoding="utf-8"?>
<Project ToolsVersion="4.0" xmlns="http://schemas.microsoft.com/developer/msbuild/2003">
  <ItemGroup>
    <Filter Include="00.System">
      <UniqueIdentifier>{c11fee21-eb26-481b-95ca-3a2557c2484a}</UniqueIdentifier>
    </Filter>
    <Filter Include="01.Utility">
      <UniqueIdentifier>{18087a27-3b8f-44e2-93f9-4dfd92c9c906}</UniqueIdentifier>
    </Filter>
    <Filter Include="01.Utility\00.GameInstance">
      <UniqueIdentifier>{2936bad1-261f-4bcc-8aa6-f6f9991f444e}</UniqueIdentifier>
    </Filter>
    <Filter Include="01.Utility\99.SuperClass">
      <UniqueIdentifier>{e14347d2-11ff-495d-85fe-b52c10fb51e6}</UniqueIdentifier>
    </Filter>
    <Filter Include="01.Utility\01.Levels">
      <UniqueIdentifier>{52b297fe-964b-4566-8fd8-38bae08a932d}</UniqueIdentifier>
    </Filter>
    <Filter Include="01.Utility\02.GameObjects">
      <UniqueIdentifier>{1b5d173e-b168-4ee4-b545-c9dc42a5ccdb}</UniqueIdentifier>
    </Filter>
    <Filter Include="01.Utility\03.Components">
      <UniqueIdentifier>{e20df13c-b788-40ad-bb67-d4167e51f765}</UniqueIdentifier>
    </Filter>
    <Filter Include="00.System\00.Timers">
      <UniqueIdentifier>{dcdaea28-e93f-4db3-8683-c69bea25ac72}</UniqueIdentifier>
    </Filter>
    <Filter Include="00.System\00.Timers\Manager">
      <UniqueIdentifier>{52d5ee43-fa0e-4f61-b075-76710dcb1f37}</UniqueIdentifier>
    </Filter>
    <Filter Include="01.Utility\01.Levels\Manager">
      <UniqueIdentifier>{41a1a2e8-b9d4-4a73-b57f-3f9f2a824e2b}</UniqueIdentifier>
    </Filter>
    <Filter Include="01.Utility\02.GameObjects\Manager">
      <UniqueIdentifier>{a5916e06-30bc-43db-9f0d-3bb3a2ecf36b}</UniqueIdentifier>
    </Filter>
    <Filter Include="01.Utility\03.Components\Manager">
      <UniqueIdentifier>{52c3f79b-cac0-4b06-9649-a0269412d9b3}</UniqueIdentifier>
    </Filter>
    <Filter Include="01.Utility\02.GameObjects\Manager\Layer">
      <UniqueIdentifier>{8c08a2f2-f99d-45b3-b659-ac08e6064a31}</UniqueIdentifier>
    </Filter>
    <Filter Include="00.System\01.Device">
      <UniqueIdentifier>{6d4ab8fe-866e-48f2-adbd-97aeb838f61f}</UniqueIdentifier>
    </Filter>
    <Filter Include="00.System\01.Device\Graphic">
      <UniqueIdentifier>{528d4b3b-4639-425e-abad-a744302aedf8}</UniqueIdentifier>
    </Filter>
    <Filter Include="01.Utility\03.Components\Transform">
      <UniqueIdentifier>{700a2e9c-e359-4f5e-9891-56a64c045357}</UniqueIdentifier>
    </Filter>
    <Filter Include="01.Utility\03.Components\Model">
      <UniqueIdentifier>{360732ce-8f98-4438-a784-3b93da2b97b3}</UniqueIdentifier>
    </Filter>
    <Filter Include="01.Utility\03.Components\Model\Animation">
      <UniqueIdentifier>{dfae2b2d-dbda-49d6-8c91-ac00eb31ea86}</UniqueIdentifier>
    </Filter>
    <Filter Include="01.Utility\03.Components\Model\Bone">
      <UniqueIdentifier>{6de6fa77-5c4f-4b87-8754-874eed4be580}</UniqueIdentifier>
    </Filter>
    <Filter Include="01.Utility\03.Components\Model\Mesh">
      <UniqueIdentifier>{bc2415cb-2c6f-4f42-9e74-cb4e78f1ec39}</UniqueIdentifier>
    </Filter>
    <Filter Include="01.Utility\03.Components\Model\Animation\Channel">
      <UniqueIdentifier>{ef04f03e-bb0f-4217-a490-60768932d3a9}</UniqueIdentifier>
    </Filter>
    <Filter Include="01.Utility\03.Components\VIBuffer">
      <UniqueIdentifier>{6beb35ab-3319-48e7-b715-3dfdbfc9d1d0}</UniqueIdentifier>
    </Filter>
    <Filter Include="01.Utility\03.Components\Shader">
      <UniqueIdentifier>{2d11736b-3a21-41be-965f-336daf44a734}</UniqueIdentifier>
    </Filter>
    <Filter Include="01.Utility\03.Components\Texture">
      <UniqueIdentifier>{32c9f280-2290-4c88-9bf3-33ffbc2330c1}</UniqueIdentifier>
    </Filter>
    <Filter Include="01.Utility\02.GameObjects\Camera">
      <UniqueIdentifier>{4a457709-2d84-4c59-aacd-a89396b94771}</UniqueIdentifier>
    </Filter>
    <Filter Include="01.Utility\04.PipeLine">
      <UniqueIdentifier>{7c9f281d-fcf9-4f9c-a681-df50def82380}</UniqueIdentifier>
    </Filter>
    <Filter Include="00.System\01.Device\Input">
      <UniqueIdentifier>{aba6500c-7482-4521-9810-f0785996035c}</UniqueIdentifier>
    </Filter>
    <Filter Include="01.Utility\03.Components\VIBuffer\Rect">
      <UniqueIdentifier>{6314312b-1ad1-45c6-b281-678b3f66e2f6}</UniqueIdentifier>
    </Filter>
    <Filter Include="01.Utility\90.DIK_KeyManager">
      <UniqueIdentifier>{387532bd-77c9-4e3c-834e-63b893474db6}</UniqueIdentifier>
    </Filter>
    <Filter Include="01.Utility\03.Components\Collider">
      <UniqueIdentifier>{3b615014-853d-44cc-b190-45dcbf637246}</UniqueIdentifier>
    </Filter>
    <Filter Include="01.Utility\03.Components\Collider\Bounding">
      <UniqueIdentifier>{784248bd-e8d3-4b3d-8fdd-375921cdc9e1}</UniqueIdentifier>
    </Filter>
    <Filter Include="01.Utility\03.Components\Collider\Bounding\AABB">
      <UniqueIdentifier>{2189f90f-3721-4cc1-9257-63d7244d472f}</UniqueIdentifier>
    </Filter>
    <Filter Include="01.Utility\03.Components\Collider\Bounding\OBB">
      <UniqueIdentifier>{f279dbb4-22c7-486d-9810-aa2f1f2eca09}</UniqueIdentifier>
    </Filter>
    <Filter Include="01.Utility\03.Components\Collider\Bounding\Sphere">
      <UniqueIdentifier>{63f7b589-ab89-415b-8c09-1b36176e1177}</UniqueIdentifier>
    </Filter>
    <Filter Include="01.Utility\03.Components\Collider\Manager">
      <UniqueIdentifier>{bee94e0c-3916-47ae-914a-33104f8a3f50}</UniqueIdentifier>
    </Filter>
    <Filter Include="01.Utility\05.ThreadPool">
      <UniqueIdentifier>{d517bb4c-2bf7-40cd-a83c-1d1e0ee363b8}</UniqueIdentifier>
    </Filter>
    <Filter Include="01.Utility\06.File">
      <UniqueIdentifier>{4c240acb-06b3-4210-a36d-82d84d5f9c3c}</UniqueIdentifier>
    </Filter>
    <Filter Include="01.Utility\02.GameObjects\Container">
      <UniqueIdentifier>{f79339ac-581e-489c-b90b-43dc4c64d7ad}</UniqueIdentifier>
    </Filter>
    <Filter Include="01.Utility\02.GameObjects\Container\PartObject">
      <UniqueIdentifier>{957b596f-c98b-4495-966f-76172c80ba5d}</UniqueIdentifier>
    </Filter>
    <Filter Include="01.Utility\07.Sound_Manager">
      <UniqueIdentifier>{8bd465ad-ff01-48ad-b8d1-b82c3d67a459}</UniqueIdentifier>
    </Filter>
    <Filter Include="01.Utility\03.Components\VIBuffer\VIBuffer_Instancing">
      <UniqueIdentifier>{443054cf-9fc8-4b45-921b-fd38bf26cf83}</UniqueIdentifier>
    </Filter>
    <Filter Include="01.Utility\03.Components\VIBuffer\VIBuffer_Instancing\VIBuffer_Point_Instancing">
      <UniqueIdentifier>{90ce4904-e6d5-4b2e-8ccb-1e53e4abb7c7}</UniqueIdentifier>
    </Filter>
    <Filter Include="01.Utility\03.Components\VIBuffer\Rect\Trail">
      <UniqueIdentifier>{dbe6c22f-5bd8-4904-9a25-7db03eeff661}</UniqueIdentifier>
    </Filter>
  </ItemGroup>
  <ItemGroup>
    <ClCompile Include="..\private\GameInstance.cpp">
      <Filter>01.Utility\00.GameInstance</Filter>
    </ClCompile>
    <ClCompile Include="..\Private\Base.cpp">
      <Filter>01.Utility\99.SuperClass</Filter>
    </ClCompile>
    <ClCompile Include="..\Private\Component.cpp">
      <Filter>01.Utility\03.Components</Filter>
    </ClCompile>
    <ClCompile Include="..\Private\GameObject.cpp">
      <Filter>01.Utility\02.GameObjects</Filter>
    </ClCompile>
    <ClCompile Include="..\Private\Level.cpp">
      <Filter>01.Utility\01.Levels</Filter>
    </ClCompile>
    <ClCompile Include="..\Private\Timer.cpp">
      <Filter>00.System\00.Timers</Filter>
    </ClCompile>
    <ClCompile Include="..\Private\Timer_Manager.cpp">
      <Filter>00.System\00.Timers\Manager</Filter>
    </ClCompile>
    <ClCompile Include="..\Private\Graphic_Device.cpp">
      <Filter>00.System\01.Device\Device</Filter>
    </ClCompile>
    <ClCompile Include="..\Private\Input_Device.cpp">
      <Filter>00.System\01.Device\Input</Filter>
    </ClCompile>
    <ClCompile Include="..\private\GameInstance.cpp">
      <Filter>01.Utility\00.GameInstance</Filter>
    </ClCompile>
    <ClCompile Include="..\Private\Level.cpp">
      <Filter>01.Utility\01.Levels</Filter>
    </ClCompile>
    <ClCompile Include="..\Private\Level_Manager.cpp">
      <Filter>01.Utility\01.Levels\Manager</Filter>
    </ClCompile>
    <ClCompile Include="..\Private\GameObject.cpp">
      <Filter>01.Utility\02.GameObjects</Filter>
    </ClCompile>
    <ClCompile Include="..\Private\Camera.cpp">
      <Filter>01.Utility\02.GameObjects\Camera</Filter>
    </ClCompile>
    <ClCompile Include="..\Private\ContainerObject.cpp">
      <Filter>01.Utility\02.GameObjects\Container</Filter>
    </ClCompile>
    <ClCompile Include="..\Private\PartObject.cpp">
      <Filter>01.Utility\02.GameObjects\Container\PartObject</Filter>
    </ClCompile>
    <ClCompile Include="..\Private\Layer.cpp">
      <Filter>01.Utility\02.GameObjects\Manager\Layer</Filter>
    </ClCompile>
    <ClCompile Include="..\Private\Object_Manager.cpp">
      <Filter>01.Utility\02.GameObjects\Manager</Filter>
    </ClCompile>
    <ClCompile Include="..\Private\Component.cpp">
      <Filter>01.Utility\03.Components</Filter>
    </ClCompile>
    <ClCompile Include="..\Private\Component_Manager.cpp">
      <Filter>01.Utility\03.Components\Manager</Filter>
    </ClCompile>
    <ClCompile Include="..\Private\VIBuffer.cpp">
      <Filter>01.Utility\03.Components\VIBuffer</Filter>
    </ClCompile>
    <ClCompile Include="..\Private\VIBuffer_Rect.cpp">
      <Filter>01.Utility\03.Components\VIBuffer\Rect</Filter>
    </ClCompile>
    <ClCompile Include="..\Private\Collider.cpp">
      <Filter>01.Utility\03.Components\Collider</Filter>
    </ClCompile>
    <ClCompile Include="..\Private\Key_Manager.cpp">
      <Filter>01.Utility\90.DIK_KeyManager</Filter>
    </ClCompile>
    <ClCompile Include="..\Private\DebugDraw.cpp">
      <Filter>01.Utility\03.Components\Collider</Filter>
    </ClCompile>
    <ClCompile Include="..\Private\Collider_Manager.cpp">
      <Filter>01.Utility\03.Components\Collider\Manager</Filter>
    </ClCompile>
    <ClCompile Include="..\Private\Bounding.cpp">
      <Filter>01.Utility\03.Components\Collider\Bounding</Filter>
    </ClCompile>
    <ClCompile Include="..\Private\Bounding_AABB.cpp">
      <Filter>01.Utility\03.Components\Collider\Bounding\AABB</Filter>
    </ClCompile>
    <ClCompile Include="..\Private\Bounding_OBB.cpp">
      <Filter>01.Utility\03.Components\Collider\Bounding\OBB</Filter>
    </ClCompile>
    <ClCompile Include="..\Private\Bounding_Sphere.cpp">
      <Filter>01.Utility\03.Components\Collider\Bounding\Sphere</Filter>
    </ClCompile>
    <ClCompile Include="..\Private\Model.cpp">
      <Filter>01.Utility\03.Components\Model</Filter>
    </ClCompile>
    <ClCompile Include="..\Private\Animation.cpp">
      <Filter>01.Utility\03.Components\Model\Animation</Filter>
    </ClCompile>
    <ClCompile Include="..\Private\Channel.cpp">
      <Filter>01.Utility\03.Components\Model\Animation\Channel</Filter>
    </ClCompile>
    <ClCompile Include="..\Private\Mesh.cpp">
      <Filter>01.Utility\03.Components\Model\Mesh</Filter>
    </ClCompile>
    <ClCompile Include="..\Private\Bone.cpp">
      <Filter>01.Utility\03.Components\Model\Bone</Filter>
    </ClCompile>
    <ClCompile Include="..\Private\Texture.cpp">
      <Filter>01.Utility\03.Components\Texture</Filter>
    </ClCompile>
    <ClCompile Include="..\Private\Shader.cpp">
      <Filter>01.Utility\03.Components\Shader</Filter>
    </ClCompile>
    <ClCompile Include="..\private\Transform.cpp">
      <Filter>01.Utility\03.Components\Transform</Filter>
    </ClCompile>
    <ClCompile Include="..\Private\ThreadPool.cpp">
      <Filter>01.Utility\05.ThreadPool</Filter>
    </ClCompile>
    <ClCompile Include="..\Private\PipeLine.cpp">
      <Filter>01.Utility\04.PipeLine</Filter>
    </ClCompile>
    <ClCompile Include="..\Private\File_Manager.cpp">
      <Filter>01.Utility\06.File</Filter>
    </ClCompile>
    <ClCompile Include="..\Private\Base.cpp">
      <Filter>01.Utility\99.SuperClass</Filter>
    </ClCompile>
    <ClCompile Include="..\Private\Engine_Struct.cpp">
      <Filter>02.Defines</Filter>
    </ClCompile>
    <ClCompile Include="..\Private\Frustum.cpp">
      <Filter>01.Utility\02.GameObjects\Frustum</Filter>
    </ClCompile>
    <ClCompile Include="..\Private\Font_Manager.cpp">
      <Filter>01.Utility\03.Components\Font\Font_Manager</Filter>
    </ClCompile>
    <ClCompile Include="..\Private\CustomFont.cpp">
      <Filter>01.Utility\03.Components\Font</Filter>
    </ClCompile>
    <ClCompile Include="..\Private\DebugDraw.cpp">
      <Filter>01.Utility\03.Components\Collider_Test\DebugDraw</Filter>
    </ClCompile>
    <ClCompile Include="..\Private\VIBuffer_Line_Rect.cpp">
      <Filter>01.Utility\03.Components\VIBuffer\Rect</Filter>
    </ClCompile>
    <ClCompile Include="..\Private\Sound_Manager.cpp">
      <Filter>01.Utility\07.Sound_Manager</Filter>
    </ClCompile>
    <ClCompile Include="..\Private\VIBuffer_Instancing.cpp">
      <Filter>01.Utility\03.Components\VIBuffer\VIBuffer_Instancing</Filter>
    </ClCompile>
    <ClCompile Include="..\Private\VIBuffer_Point_Instancing.cpp">
      <Filter>01.Utility\03.Components\VIBuffer\VIBuffer_Instancing\VIBuffer_Point_Instancing</Filter>
    </ClCompile>
    <ClCompile Include="..\private\VIBuffer_Trail_Rect.cpp">
      <Filter>01.Utility\03.Components\VIBuffer\Rect\Trail</Filter>
    </ClCompile>
  </ItemGroup>
  <ItemGroup>
    <ClInclude Include="..\Public\Timer.h">
      <Filter>00.System\00.Timers</Filter>
    </ClInclude>
    <ClInclude Include="..\Public\Timer_Manager.h">
      <Filter>00.System\00.Timers\Manager</Filter>
    </ClInclude>
    <ClInclude Include="..\Public\Graphic_Device.h">
      <Filter>00.System\01.Device\Device</Filter>
    </ClInclude>
    <ClInclude Include="..\Public\Input_Device.h">
      <Filter>00.System\01.Device\Input</Filter>
    </ClInclude>
    <ClInclude Include="..\public\GameInstance.h">
      <Filter>01.Utility\00.GameInstance</Filter>
    </ClInclude>
    <ClInclude Include="..\Public\Level.h">
      <Filter>01.Utility\01.Levels</Filter>
    </ClInclude>
    <ClInclude Include="..\Public\Level_Manager.h">
      <Filter>01.Utility\01.Levels\Manager</Filter>
    </ClInclude>
    <ClInclude Include="..\Public\GameObject.h">
      <Filter>01.Utility\02.GameObjects</Filter>
    </ClInclude>
    <ClInclude Include="..\Public\Camera.h">
      <Filter>01.Utility\02.GameObjects\Camera</Filter>
    </ClInclude>
    <ClInclude Include="..\Public\ContainerObject.h">
      <Filter>01.Utility\02.GameObjects\Container</Filter>
    </ClInclude>
    <ClInclude Include="..\Public\PartObject.h">
      <Filter>01.Utility\02.GameObjects\Container\PartObject</Filter>
    </ClInclude>
    <ClInclude Include="..\Public\Layer.h">
      <Filter>01.Utility\02.GameObjects\Manager\Layer</Filter>
    </ClInclude>
    <ClInclude Include="..\Public\Object_Manager.h">
      <Filter>01.Utility\02.GameObjects\Manager</Filter>
    </ClInclude>
    <ClInclude Include="..\Public\Component.h">
      <Filter>01.Utility\03.Components</Filter>
    </ClInclude>
    <ClInclude Include="..\Public\Component_Manager.h">
      <Filter>01.Utility\03.Components\Manager</Filter>
    </ClInclude>
    <ClInclude Include="..\Public\VIBuffer.h">
      <Filter>01.Utility\03.Components\VIBuffer</Filter>
    </ClInclude>
    <ClInclude Include="..\Public\VIBuffer_Rect.h">
      <Filter>01.Utility\03.Components\VIBuffer\Rect</Filter>
    </ClInclude>
    <ClInclude Include="..\Public\Collider.h">
      <Filter>01.Utility\03.Components\Collider</Filter>
    </ClInclude>
    <ClInclude Include="..\Public\Key_Manager.h">
      <Filter>01.Utility\90.DIK_KeyManager</Filter>
    </ClInclude>
    <ClInclude Include="..\Public\DebugDraw.h">
      <Filter>01.Utility\03.Components\Collider</Filter>
    </ClInclude>
    <ClInclude Include="..\Public\Collider_Manager.h">
      <Filter>01.Utility\03.Components\Collider\Manager</Filter>
    </ClInclude>
    <ClInclude Include="..\Public\Bounding.h">
      <Filter>01.Utility\03.Components\Collider\Bounding</Filter>
    </ClInclude>
    <ClInclude Include="..\Public\Bounding_AABB.h">
      <Filter>01.Utility\03.Components\Collider\Bounding\AABB</Filter>
    </ClInclude>
    <ClInclude Include="..\Public\Bounding_OBB.h">
      <Filter>01.Utility\03.Components\Collider\Bounding\OBB</Filter>
    </ClInclude>
    <ClInclude Include="..\Public\Bounding_Sphere.h">
      <Filter>01.Utility\03.Components\Collider\Bounding\Sphere</Filter>
    </ClInclude>
    <ClInclude Include="..\Public\Model.h">
      <Filter>01.Utility\03.Components\Model</Filter>
    </ClInclude>
    <ClInclude Include="..\Public\Animation.h">
      <Filter>01.Utility\03.Components\Model\Animation</Filter>
    </ClInclude>
    <ClInclude Include="..\Public\Channel.h">
      <Filter>01.Utility\03.Components\Model\Animation\Channel</Filter>
    </ClInclude>
    <ClInclude Include="..\Public\Mesh.h">
      <Filter>01.Utility\03.Components\Model\Mesh</Filter>
    </ClInclude>
    <ClInclude Include="..\Public\Bone.h">
      <Filter>01.Utility\03.Components\Model\Bone</Filter>
    </ClInclude>
    <ClInclude Include="..\Public\Texture.h">
      <Filter>01.Utility\03.Components\Texture</Filter>
    </ClInclude>
    <ClInclude Include="..\Public\Shader.h">
      <Filter>01.Utility\03.Components\Shader</Filter>
    </ClInclude>
    <ClInclude Include="..\public\Transform.h">
      <Filter>01.Utility\03.Components\Transform</Filter>
    </ClInclude>
    <ClInclude Include="..\Public\ThreadPool.h">
      <Filter>01.Utility\05.ThreadPool</Filter>
    </ClInclude>
    <ClInclude Include="..\Public\PipeLine.h">
      <Filter>01.Utility\04.PipeLine</Filter>
    </ClInclude>
    <ClInclude Include="..\Public\File_Manager.h">
      <Filter>01.Utility\06.File</Filter>
    </ClInclude>
    <ClInclude Include="..\Public\Base.h">
      <Filter>01.Utility\99.SuperClass</Filter>
    </ClInclude>
    <ClInclude Include="..\Public\Engine_Defines.h">
      <Filter>02.Defines</Filter>
    </ClInclude>
    <ClInclude Include="..\Public\Engine_Function.h">
      <Filter>02.Defines</Filter>
    </ClInclude>
    <ClInclude Include="..\Public\Engine_Macro.h">
      <Filter>02.Defines</Filter>
    </ClInclude>
    <ClInclude Include="..\Public\Engine_Struct.h">
      <Filter>02.Defines</Filter>
    </ClInclude>
    <ClInclude Include="..\Public\Engine_Typedef.h">
      <Filter>02.Defines</Filter>
    </ClInclude>
    <ClInclude Include="..\Public\Frustum.h">
      <Filter>01.Utility\02.GameObjects\Frustum</Filter>
    </ClInclude>
    <ClInclude Include="..\Public\Font_Manager.h">
      <Filter>01.Utility\03.Components\Font\Font_Manager</Filter>
    </ClInclude>
    <ClInclude Include="..\Public\CustomFont.h">
      <Filter>01.Utility\03.Components\Font</Filter>
    </ClInclude>
    <ClInclude Include="..\Public\DebugDraw.h">
      <Filter>01.Utility\03.Components\Collider_Test\DebugDraw</Filter>
    </ClInclude>
    <ClInclude Include="..\Public\VIBuffer_Line_Rect.h">
      <Filter>01.Utility\03.Components\VIBuffer\Rect</Filter>
    </ClInclude>
    <ClInclude Include="..\Public\Sound_Manager.h">
      <Filter>01.Utility\07.Sound_Manager</Filter>
    </ClInclude>
    <ClInclude Include="..\Public\VIBuffer_Instancing.h">
      <Filter>01.Utility\03.Components\VIBuffer\VIBuffer_Instancing</Filter>
    </ClInclude>
    <ClInclude Include="..\Public\VIBuffer_Point_Instancing.h">
      <Filter>01.Utility\03.Components\VIBuffer\VIBuffer_Instancing\VIBuffer_Point_Instancing</Filter>
    </ClInclude>
    <ClInclude Include="..\public\VIBuffer_Trail_Rect.h">
      <Filter>01.Utility\03.Components\VIBuffer\Rect\Trail</Filter>
    </ClInclude>
  </ItemGroup>
  <ItemGroup>
    <Filter Include="00.System">
      <UniqueIdentifier>{39bff3f0-9e10-4e5f-9daa-04108fa93356}</UniqueIdentifier>
    </Filter>
    <Filter Include="01.Utility">
      <UniqueIdentifier>{d8dd1d6b-d3dd-4319-a718-374dbbf10596}</UniqueIdentifier>
    </Filter>
    <Filter Include="02.Defines">
      <UniqueIdentifier>{d2ef0098-a510-4737-bb6d-cbe49d834bfc}</UniqueIdentifier>
    </Filter>
    <Filter Include="00.System\00.Timers">
      <UniqueIdentifier>{eeb6118d-aaeb-4b18-93d9-bc5e59ac8b4d}</UniqueIdentifier>
    </Filter>
    <Filter Include="00.System\01.Device">
      <UniqueIdentifier>{bd324af2-5e3b-45f2-9bf5-cb857d899fca}</UniqueIdentifier>
    </Filter>
    <Filter Include="00.System\00.Timers\Manager">
      <UniqueIdentifier>{4ecd7d1f-fbcd-4b59-a2fb-affae9062429}</UniqueIdentifier>
    </Filter>
    <Filter Include="00.System\01.Device\Device">
      <UniqueIdentifier>{852a786d-63fb-48ac-b73d-3563fe5f9991}</UniqueIdentifier>
    </Filter>
    <Filter Include="00.System\01.Device\Input">
      <UniqueIdentifier>{5fc18320-95aa-4020-a970-c6b23ec08742}</UniqueIdentifier>
    </Filter>
    <Filter Include="01.Utility\00.GameInstance">
      <UniqueIdentifier>{69d03b5c-09d1-44ff-be43-d1365d54e17b}</UniqueIdentifier>
    </Filter>
    <Filter Include="01.Utility\01.Levels">
      <UniqueIdentifier>{5fd714a2-96ec-4e31-807e-439e2df43102}</UniqueIdentifier>
    </Filter>
    <Filter Include="01.Utility\02.GameObjects">
      <UniqueIdentifier>{196d1eb8-eb77-4e78-9ab2-f727e776b823}</UniqueIdentifier>
    </Filter>
    <Filter Include="01.Utility\03.Components">
      <UniqueIdentifier>{4e6b6291-66f3-4bee-bf44-0bc4001c29cd}</UniqueIdentifier>
    </Filter>
    <Filter Include="01.Utility\04.PipeLine">
      <UniqueIdentifier>{a3998e8b-8afa-4cda-b59f-4c995e374c21}</UniqueIdentifier>
    </Filter>
    <Filter Include="01.Utility\05.ThreadPool">
      <UniqueIdentifier>{a0649a08-1385-4b72-9b61-e3c13a3a3b49}</UniqueIdentifier>
    </Filter>
    <Filter Include="01.Utility\06.File">
      <UniqueIdentifier>{e78b6423-8b04-4209-9b1e-80edcb1a93da}</UniqueIdentifier>
    </Filter>
    <Filter Include="01.Utility\99.SuperClass">
      <UniqueIdentifier>{d49819f1-9a96-4922-bfa3-52879613e958}</UniqueIdentifier>
    </Filter>
    <Filter Include="01.Utility\01.Levels\Manager">
      <UniqueIdentifier>{1757b46d-a22e-4dbb-9f58-aaa3142e0871}</UniqueIdentifier>
    </Filter>
    <Filter Include="01.Utility\02.GameObjects\Camera">
      <UniqueIdentifier>{844ab2c0-68fa-4a8b-9ec8-c18f30db1173}</UniqueIdentifier>
    </Filter>
    <Filter Include="01.Utility\02.GameObjects\Container">
      <UniqueIdentifier>{afebde4b-eef1-4b24-9383-7d8ffc8cf207}</UniqueIdentifier>
    </Filter>
    <Filter Include="01.Utility\02.GameObjects\Manager">
      <UniqueIdentifier>{88f6cc79-abda-4c7a-80c1-2f509fac26da}</UniqueIdentifier>
    </Filter>
    <Filter Include="01.Utility\02.GameObjects\Container\PartObject">
      <UniqueIdentifier>{6a3ec382-fa33-484b-b128-233d5f81758d}</UniqueIdentifier>
    </Filter>
    <Filter Include="01.Utility\02.GameObjects\Manager\Layer">
      <UniqueIdentifier>{60887918-1db9-40f3-907d-0249e73b5abc}</UniqueIdentifier>
    </Filter>
    <Filter Include="01.Utility\03.Components\Collider">
      <UniqueIdentifier>{ffecb467-a09a-47aa-b1d3-364f4f465c1f}</UniqueIdentifier>
    </Filter>
    <Filter Include="01.Utility\03.Components\Manager">
      <UniqueIdentifier>{46d1cf30-b62d-4dd4-b998-0d529fdfb9bc}</UniqueIdentifier>
    </Filter>
    <Filter Include="01.Utility\03.Components\Model">
      <UniqueIdentifier>{7cdb011b-f3cd-4318-a2d4-2dc0d235ffd7}</UniqueIdentifier>
    </Filter>
    <Filter Include="01.Utility\03.Components\Shader">
      <UniqueIdentifier>{0e50a2a6-3bb8-482e-b160-1cd6bc0c3645}</UniqueIdentifier>
    </Filter>
    <Filter Include="01.Utility\03.Components\Texture">
      <UniqueIdentifier>{10690632-114a-46a6-a2f8-f68758f5df32}</UniqueIdentifier>
    </Filter>
    <Filter Include="01.Utility\03.Components\Transform">
      <UniqueIdentifier>{8bf28645-aac6-482b-9d82-60cfd413949c}</UniqueIdentifier>
    </Filter>
    <Filter Include="01.Utility\03.Components\VIBuffer">
      <UniqueIdentifier>{c0fc02a1-65de-42c1-a183-3e9f3225f6e9}</UniqueIdentifier>
    </Filter>
    <Filter Include="01.Utility\03.Components\VIBuffer\Rect">
      <UniqueIdentifier>{a9533383-e381-47ec-836c-7a244cd43d3b}</UniqueIdentifier>
    </Filter>
    <Filter Include="01.Utility\03.Components\Collider\Bounding">
      <UniqueIdentifier>{01d24dda-325a-44b0-b715-0e97b3f4da4b}</UniqueIdentifier>
    </Filter>
    <Filter Include="01.Utility\03.Components\Collider\Manager">
      <UniqueIdentifier>{e6224159-8013-4acc-97d4-47cd10bafeb3}</UniqueIdentifier>
    </Filter>
    <Filter Include="01.Utility\03.Components\Collider\Bounding\AABB">
      <UniqueIdentifier>{8a1b370e-86a6-4f9e-a3c0-3ee27c4fd7f5}</UniqueIdentifier>
    </Filter>
    <Filter Include="01.Utility\03.Components\Collider\Bounding\OBB">
      <UniqueIdentifier>{25829f70-b9ab-4a50-8361-9334cb05fd8d}</UniqueIdentifier>
    </Filter>
    <Filter Include="01.Utility\03.Components\Collider\Bounding\Sphere">
      <UniqueIdentifier>{51362d02-ac94-4c94-9de3-70775d5df53b}</UniqueIdentifier>
    </Filter>
    <Filter Include="01.Utility\03.Components\Model\Animation">
      <UniqueIdentifier>{4bddb7ad-4e79-41b5-8e45-91826b177154}</UniqueIdentifier>
    </Filter>
    <Filter Include="01.Utility\03.Components\Model\Bone">
      <UniqueIdentifier>{08882a8b-fe6f-4a50-bc14-f662cd32aece}</UniqueIdentifier>
    </Filter>
    <Filter Include="01.Utility\03.Components\Model\Mesh">
      <UniqueIdentifier>{4af5a0ed-5043-44b2-b457-912d2fb49ed5}</UniqueIdentifier>
    </Filter>
    <Filter Include="01.Utility\03.Components\Model\Animation\Channel">
      <UniqueIdentifier>{6a3a8d90-2627-49ff-b1f0-881c24c47823}</UniqueIdentifier>
    </Filter>
    <Filter Include="01.Utility\02.GameObjects\Frustum">
      <UniqueIdentifier>{6cbccc6f-d697-4a3b-80c1-1a79a88eb77f}</UniqueIdentifier>
    </Filter>
    <Filter Include="01.Utility\03.Components\Font">
      <UniqueIdentifier>{b0fdb511-296c-4fff-8d7d-0e658f694f55}</UniqueIdentifier>
    </Filter>
    <Filter Include="01.Utility\03.Components\Font\Font_Manager">
      <UniqueIdentifier>{de632579-d663-4a20-bd9d-bc9d35fbbf5e}</UniqueIdentifier>
    </Filter>
  </ItemGroup>
</Project>